
Microsoft Visual Studio Solution File, Format Version 12.00
# Visual Studio Version 16
VisualStudioVersion = 16.0.33130.400
MinimumVisualStudioVersion = 10.0.40219.1
Project("{9A19103F-16F7-4668-BE54-9A1E7A4F7556}") = "EmailAPI", "EmailAPI\EmailAPI.csproj", "{E6B85D3E-68C4-4321-B319-C64615F2A606}"
EndProject
Project("{FAE04EC0-301F-11D3-BF4B-00C04F79EFBC}") = "Email", "Email\Email.csproj", "{3300C06D-9721-4C9F-B727-EB91488CBFDE}"
EndProject
Global
	GlobalSection(SolutionConfigurationPlatforms) = preSolution
		Debug|Any CPU = Debug|Any CPU
		Release|Any CPU = Release|Any CPU
	EndGlobalSection
	GlobalSection(ProjectConfigurationPlatforms) = postSolution
		{E6B85D3E-68C4-4321-B319-C64615F2A606}.Debug|Any CPU.ActiveCfg = Debug|Any CPU
		{E6B85D3E-68C4-4321-B319-C64615F2A606}.Debug|Any CPU.Build.0 = Debug|Any CPU
		{E6B85D3E-68C4-4321-B319-C64615F2A606}.Release|Any CPU.ActiveCfg = Release|Any CPU
		{E6B85D3E-68C4-4321-B319-C64615F2A606}.Release|Any CPU.Build.0 = Release|Any CPU
		{3300C06D-9721-4C9F-B727-EB91488CBFDE}.Debug|Any CPU.ActiveCfg = Debug|Any CPU
		{3300C06D-9721-4C9F-B727-EB91488CBFDE}.Debug|Any CPU.Build.0 = Debug|Any CPU
		{3300C06D-9721-4C9F-B727-EB91488CBFDE}.Release|Any CPU.ActiveCfg = Release|Any CPU
		{3300C06D-9721-4C9F-B727-EB91488CBFDE}.Release|Any CPU.Build.0 = Release|Any CPU
	EndGlobalSection
	GlobalSection(SolutionProperties) = preSolution
		HideSolutionNode = FALSE
	EndGlobalSection
	GlobalSection(ExtensibilityGlobals) = postSolution
		SolutionGuid = {FABAEC08-670A-409B-AD8D-21B1CD56813E}
	EndGlobalSection
EndGlobal
